
Microsoft Visual Studio Solution File, Format Version 12.00
# Visual Studio Version 17
VisualStudioVersion = 17.0.32112.339
MinimumVisualStudioVersion = 10.0.40219.1
Project("{FAE04EC0-301F-11D3-BF4B-00C04F79EFBC}") = "Prueba2", "Prueba2\Prueba2.csproj", "{84247947-19AD-4124-AC20-A799E13830FA}"
EndProject
Global
	GlobalSection(SolutionConfigurationPlatforms) = preSolution
		Debug|Any CPU = Debug|Any CPU
		Release|Any CPU = Release|Any CPU
	EndGlobalSection
	GlobalSection(ProjectConfigurationPlatforms) = postSolution
		{84247947-19AD-4124-AC20-A799E13830FA}.Debug|Any CPU.ActiveCfg = Debug|Any CPU
		{84247947-19AD-4124-AC20-A799E13830FA}.Debug|Any CPU.Build.0 = Debug|Any CPU
		{84247947-19AD-4124-AC20-A799E13830FA}.Release|Any CPU.ActiveCfg = Release|Any CPU
		{84247947-19AD-4124-AC20-A799E13830FA}.Release|Any CPU.Build.0 = Release|Any CPU
	EndGlobalSection
	GlobalSection(SolutionProperties) = preSolution
		HideSolutionNode = FALSE
	EndGlobalSection
	GlobalSection(ExtensibilityGlobals) = postSolution
		SolutionGuid = {9A7ACE09-CDB2-43E9-9FDD-9F0C6A40C256}
	EndGlobalSection
EndGlobal
